
Microsoft Visual Studio Solution File, Format Version 12.00
# Visual Studio Version 17
VisualStudioVersion = 17.4.33205.214
MinimumVisualStudioVersion = 10.0.40219.1
Project("{FAE04EC0-301F-11D3-BF4B-00C04F79EFBC}") = "ESunHomework", "ESunHomework\ESunHomework.csproj", "{CD66DC83-59B7-4398-8AF9-34652F00DB21}"
EndProject
Project("{00D1A9C2-B5F0-4AF3-8072-F6C62B433612}") = "Database1", "Database1\Database1.sqlproj", "{9F6B3918-AE3C-469A-9CD6-ADFC448CF0BD}"
EndProject
Global
	GlobalSection(SolutionConfigurationPlatforms) = preSolution
		Debug|Any CPU = Debug|Any CPU
		Release|Any CPU = Release|Any CPU
	EndGlobalSection
	GlobalSection(ProjectConfigurationPlatforms) = postSolution
		{CD66DC83-59B7-4398-8AF9-34652F00DB21}.Debug|Any CPU.ActiveCfg = Debug|Any CPU
		{CD66DC83-59B7-4398-8AF9-34652F00DB21}.Debug|Any CPU.Build.0 = Debug|Any CPU
		{CD66DC83-59B7-4398-8AF9-34652F00DB21}.Release|Any CPU.ActiveCfg = Release|Any CPU
		{CD66DC83-59B7-4398-8AF9-34652F00DB21}.Release|Any CPU.Build.0 = Release|Any CPU
		{9F6B3918-AE3C-469A-9CD6-ADFC448CF0BD}.Debug|Any CPU.ActiveCfg = Debug|Any CPU
		{9F6B3918-AE3C-469A-9CD6-ADFC448CF0BD}.Debug|Any CPU.Build.0 = Debug|Any CPU
		{9F6B3918-AE3C-469A-9CD6-ADFC448CF0BD}.Debug|Any CPU.Deploy.0 = Debug|Any CPU
		{9F6B3918-AE3C-469A-9CD6-ADFC448CF0BD}.Release|Any CPU.ActiveCfg = Release|Any CPU
		{9F6B3918-AE3C-469A-9CD6-ADFC448CF0BD}.Release|Any CPU.Build.0 = Release|Any CPU
		{9F6B3918-AE3C-469A-9CD6-ADFC448CF0BD}.Release|Any CPU.Deploy.0 = Release|Any CPU
	EndGlobalSection
	GlobalSection(SolutionProperties) = preSolution
		HideSolutionNode = FALSE
	EndGlobalSection
	GlobalSection(ExtensibilityGlobals) = postSolution
		SolutionGuid = {F6DE8266-755A-49BD-AEF5-739D8CC8BAE1}
	EndGlobalSection
EndGlobal
